# This file was autogenerated by Stack.
# You should not edit this file by hand.
# For more information, please see the documentation at:
#   https://docs.haskellstack.org/en/stable/lock_files

packages:
- completed:
    hackage: QuickCheck-GenT-0.2.0@sha256:d11b7b4a3f7648895eff66376a00f763821ee955ce42a37fb918213a8eae88d6,1458
    pantry-tree:
      size: 293
      sha256: a3e3065581974edfdc6951d894d93ed134e6136caa6f5e8593a58c2e039e076b
  original:
    hackage: QuickCheck-GenT-0.2.0
snapshots:
- completed:
    size: 524996
    url: https://raw.githubusercontent.com/commercialhaskell/stackage-snapshots/master/lts/14/27.yaml
    sha256: 7ea31a280c56bf36ff591a7397cc384d0dff622e7f9e4225b47d8980f019a0f0
  original: lts-14.27
