# This file was autogenerated by Stack.
# You should not edit this file by hand.
# For more information, please see the documentation at:
#   https://docs.haskellstack.org/en/stable/lock_files

packages:
- completed:
    hackage: QuickCheck-GenT-0.2.2@sha256:a07dbc72e88bb27fcd0946cc51f5204d616114decfb3a67957bf4b56c7fea1fb,1435
    pantry-tree:
      size: 293
      sha256: fd2bc1a0b05e40e35ad34a94759f499eff5da5b3a73c0a991483b0e4d3c7ede5
  original:
    hackage: QuickCheck-GenT-0.2.2
snapshots:
- completed:
    size: 488576
    url: https://raw.githubusercontent.com/commercialhaskell/stackage-snapshots/master/lts/15/0.yaml
    sha256: e4b6a87b47ec1cf63a7f1a0884a3b276fce2b0d174a10e8753c4f618e7983568
  original: lts-15.0
